// !$*UTF8*$!
{
	archiveVersion = 1;
	classes = {
	};
	objectVersion = 46;
	objects = {

/* Begin PBXBuildFile section */
		8FEE33F23F48E8843A465F26 /* libPods-HealthManagement.a in Frameworks */ = {isa = PBXBuildFile; fileRef = 9D21BD6AC30A01FD6000B9F3 /* libPods-HealthManagement.a */; };
		F71C58811F19B61A00D97047 /* PXChartBackgroundView.m in Sources */ = {isa = PBXBuildFile; fileRef = F71C58771F19B61A00D97047 /* PXChartBackgroundView.m */; };
		F71C58821F19B61A00D97047 /* PXLineChartConst.m in Sources */ = {isa = PBXBuildFile; fileRef = F71C587A1F19B61A00D97047 /* PXLineChartConst.m */; };
		F71C58831F19B61A00D97047 /* PXLineChartView.m in Sources */ = {isa = PBXBuildFile; fileRef = F71C587C1F19B61A00D97047 /* PXLineChartView.m */; };
		F71C58841F19B61A00D97047 /* PXXview.m in Sources */ = {isa = PBXBuildFile; fileRef = F71C587E1F19B61A00D97047 /* PXXview.m */; };
		F71C58851F19B61A00D97047 /* PXYview.m in Sources */ = {isa = PBXBuildFile; fileRef = F71C58801F19B61A00D97047 /* PXYview.m */; };
		F71C58881F19B69900D97047 /* PointItem.m in Sources */ = {isa = PBXBuildFile; fileRef = F71C58871F19B69900D97047 /* PointItem.m */; };
		F71C59101F19FBCD00D97047 /* AvoidingSubviewScrollViewDelegate.swift in Sources */ = {isa = PBXBuildFile; fileRef = F71C59081F19FBCD00D97047 /* AvoidingSubviewScrollViewDelegate.swift */; };
		F71C59111F19FBCD00D97047 /* Clock.swift in Sources */ = {isa = PBXBuildFile; fileRef = F71C59091F19FBCD00D97047 /* Clock.swift */; };
		F71C59121F19FBCD00D97047 /* CoreAnimation.swift in Sources */ = {isa = PBXBuildFile; fileRef = F71C590A1F19FBCD00D97047 /* CoreAnimation.swift */; };
		F71C59131F19FBCD00D97047 /* CoreGraphicsExtensions.swift in Sources */ = {isa = PBXBuildFile; fileRef = F71C590B1F19FBCD00D97047 /* CoreGraphicsExtensions.swift */; };
		F71C59141F19FBCD00D97047 /* DateExtensions.swift in Sources */ = {isa = PBXBuildFile; fileRef = F71C590C1F19FBCD00D97047 /* DateExtensions.swift */; };
		F737E21E1F01EC01000B5738 /* TabBarController.m in Sources */ = {isa = PBXBuildFile; fileRef = F737E21D1F01EC01000B5738 /* TabBarController.m */; };
		F737E2211F01EF91000B5738 /* NavigationController.m in Sources */ = {isa = PBXBuildFile; fileRef = F737E2201F01EF91000B5738 /* NavigationController.m */; };
		F737E22E1F01F31C000B5738 /* Reachability.m in Sources */ = {isa = PBXBuildFile; fileRef = F737E22D1F01F31C000B5738 /* Reachability.m */; };
		F737E23B1F01F32A000B5738 /* NSStringExt.m in Sources */ = {isa = PBXBuildFile; fileRef = F737E2331F01F32A000B5738 /* NSStringExt.m */; };
		F737E23C1F01F32A000B5738 /* UIView+UIViewController.m in Sources */ = {isa = PBXBuildFile; fileRef = F737E2351F01F32A000B5738 /* UIView+UIViewController.m */; };
		F737E23D1F01F32A000B5738 /* UIViewController+UIViewControllerExt.m in Sources */ = {isa = PBXBuildFile; fileRef = F737E2371F01F32A000B5738 /* UIViewController+UIViewControllerExt.m */; };
		F737E23E1F01F32A000B5738 /* UIViewExt.m in Sources */ = {isa = PBXBuildFile; fileRef = F737E2391F01F32A000B5738 /* UIViewExt.m */; };
		F737E2421F01F331000B5738 /* UIColor+Expend.m in Sources */ = {isa = PBXBuildFile; fileRef = F737E2411F01F331000B5738 /* UIColor+Expend.m */; };
		F737E2461F01F389000B5738 /* InfoCache.m in Sources */ = {isa = PBXBuildFile; fileRef = F737E2451F01F389000B5738 /* InfoCache.m */; };
		F737E24A1F01F6C5000B5738 /* Toast+UIView.m in Sources */ = {isa = PBXBuildFile; fileRef = F737E2491F01F6C5000B5738 /* Toast+UIView.m */; };
		F737E24E1F01F8D2000B5738 /* HomeVC.m in Sources */ = {isa = PBXBuildFile; fileRef = F737E24D1F01F8D2000B5738 /* HomeVC.m */; };
		F737E2511F01F907000B5738 /* DietArticleVC.m in Sources */ = {isa = PBXBuildFile; fileRef = F737E2501F01F907000B5738 /* DietArticleVC.m */; };
		F737E2541F01F99A000B5738 /* SportVC.m in Sources */ = {isa = PBXBuildFile; fileRef = F737E2531F01F99A000B5738 /* SportVC.m */; };
		F737E2571F01FAA0000B5738 /* SleepVC.m in Sources */ = {isa = PBXBuildFile; fileRef = F737E2561F01FAA0000B5738 /* SleepVC.m */; };
		F737E25A1F01FB30000B5738 /* PersonalCenterVC.m in Sources */ = {isa = PBXBuildFile; fileRef = F737E2591F01FB30000B5738 /* PersonalCenterVC.m */; };
		F743716A1F14BD3500332D21 /* NearbyRestaurantVC.m in Sources */ = {isa = PBXBuildFile; fileRef = F74371691F14BD3500332D21 /* NearbyRestaurantVC.m */; };
		F743716D1F14C0E100332D21 /* NearbyRestaurantTableView.m in Sources */ = {isa = PBXBuildFile; fileRef = F743716C1F14C0E100332D21 /* NearbyRestaurantTableView.m */; };
		F74371701F14D1AD00332D21 /* NearbyRestaurantTableViewCell.m in Sources */ = {isa = PBXBuildFile; fileRef = F743716F1F14D1AD00332D21 /* NearbyRestaurantTableViewCell.m */; };
		F74FF5C41F15B91300C84034 /* RecommendDietTableView.m in Sources */ = {isa = PBXBuildFile; fileRef = F74FF5C31F15B91300C84034 /* RecommendDietTableView.m */; };
		F74FF5C71F15BB2200C84034 /* RecommendDietCell.m in Sources */ = {isa = PBXBuildFile; fileRef = F74FF5C61F15BB2200C84034 /* RecommendDietCell.m */; };
		F74FF5CB1F15FC1900C84034 /* HXTagsView.m in Sources */ = {isa = PBXBuildFile; fileRef = F74FF5CA1F15FC1900C84034 /* HXTagsView.m */; };
		F74FF5D11F160FB700C84034 /* DietArticleCell.m in Sources */ = {isa = PBXBuildFile; fileRef = F74FF5D01F160FB700C84034 /* DietArticleCell.m */; };
		F74FF5D41F161FAA00C84034 /* DietRecordView.m in Sources */ = {isa = PBXBuildFile; fileRef = F74FF5D31F161FAA00C84034 /* DietRecordView.m */; };
		F75EB7791F17221C00DA36FF /* RecommendDietVC.m in Sources */ = {isa = PBXBuildFile; fileRef = F75EB7781F17221C00DA36FF /* RecommendDietVC.m */; };
		F75EB77C1F17391C00DA36FF /* ResDetailHeaderView.m in Sources */ = {isa = PBXBuildFile; fileRef = F75EB77B1F17391C00DA36FF /* ResDetailHeaderView.m */; };
		F75EB77F1F17393600DA36FF /* ResDetailVC.m in Sources */ = {isa = PBXBuildFile; fileRef = F75EB77E1F17393600DA36FF /* ResDetailVC.m */; };
		F75EB7821F1743CB00DA36FF /* ResDetailCollectionViewCell.m in Sources */ = {isa = PBXBuildFile; fileRef = F75EB7811F1743CB00DA36FF /* ResDetailCollectionViewCell.m */; };
		F75EB7851F174A0F00DA36FF /* ResDetailCell.m in Sources */ = {isa = PBXBuildFile; fileRef = F75EB7841F174A0F00DA36FF /* ResDetailCell.m */; };
		F75EB78C1F175A0700DA36FF /* NSObject+YYModel.m in Sources */ = {isa = PBXBuildFile; fileRef = F75EB7881F175A0700DA36FF /* NSObject+YYModel.m */; };
		F75EB78D1F175A0700DA36FF /* YYClassInfo.m in Sources */ = {isa = PBXBuildFile; fileRef = F75EB78A1F175A0700DA36FF /* YYClassInfo.m */; };
		F75EB7901F175A2700DA36FF /* ResDetailModel.m in Sources */ = {isa = PBXBuildFile; fileRef = F75EB78F1F175A2700DA36FF /* ResDetailModel.m */; };
		F7667D211F1C86D800F60D34 /* ZWLSlider.m in Sources */ = {isa = PBXBuildFile; fileRef = F7667D201F1C86D800F60D34 /* ZWLSlider.m */; };
		F76E48121F185D46001C259E /* CookbookDetailVC.m in Sources */ = {isa = PBXBuildFile; fileRef = F76E48111F185D46001C259E /* CookbookDetailVC.m */; };
		F76E48151F185E63001C259E /* TLCollectionViewCell.m in Sources */ = {isa = PBXBuildFile; fileRef = F76E48141F185E63001C259E /* TLCollectionViewCell.m */; };
		F76E48181F1860F6001C259E /* TLCollectionViewLineLayout.m in Sources */ = {isa = PBXBuildFile; fileRef = F76E48171F1860F6001C259E /* TLCollectionViewLineLayout.m */; };
		F76E481B1F188BB0001C259E /* PaymentVC.m in Sources */ = {isa = PBXBuildFile; fileRef = F76E481A1F188BB0001C259E /* PaymentVC.m */; };
		F774B91B1F13244C00A60166 /* HeaderView.m in Sources */ = {isa = PBXBuildFile; fileRef = F774B91A1F13244C00A60166 /* HeaderView.m */; };
		F774B92C1F13271000A60166 /* TAAbstractDotView.m in Sources */ = {isa = PBXBuildFile; fileRef = F774B91F1F13271000A60166 /* TAAbstractDotView.m */; };
		F774B92D1F13271000A60166 /* TAAnimatedDotView.m in Sources */ = {isa = PBXBuildFile; fileRef = F774B9211F13271000A60166 /* TAAnimatedDotView.m */; };
		F774B92E1F13271000A60166 /* TADotView.m in Sources */ = {isa = PBXBuildFile; fileRef = F774B9231F13271000A60166 /* TADotView.m */; };
		F774B92F1F13271000A60166 /* TAPageControl.m in Sources */ = {isa = PBXBuildFile; fileRef = F774B9251F13271000A60166 /* TAPageControl.m */; };
		F774B9301F13271000A60166 /* SDCollectionViewCell.m in Sources */ = {isa = PBXBuildFile; fileRef = F774B9271F13271000A60166 /* SDCollectionViewCell.m */; };
		F774B9311F13271000A60166 /* SDCycleScrollView.m in Sources */ = {isa = PBXBuildFile; fileRef = F774B9291F13271000A60166 /* SDCycleScrollView.m */; };
		F774B9321F13271000A60166 /* UIView+SDExtension.m in Sources */ = {isa = PBXBuildFile; fileRef = F774B92B1F13271000A60166 /* UIView+SDExtension.m */; };
		F774B9351F13528100A60166 /* NearbyResView.m in Sources */ = {isa = PBXBuildFile; fileRef = F774B9341F13528100A60166 /* NearbyResView.m */; };
		F774B93B1F13750C00A60166 /* RecommendDietView.m in Sources */ = {isa = PBXBuildFile; fileRef = F774B93A1F13750C00A60166 /* RecommendDietView.m */; };
		F780229C1F0F802400017D5C /* BaseViewController.m in Sources */ = {isa = PBXBuildFile; fileRef = F780229B1F0F802400017D5C /* BaseViewController.m */; };
		F78022A21F0F8BA300017D5C /* DietRecordCell.m in Sources */ = {isa = PBXBuildFile; fileRef = F78022A11F0F8BA300017D5C /* DietRecordCell.m */; };
		F7933AAE1F0096F20069DBF7 /* main.m in Sources */ = {isa = PBXBuildFile; fileRef = F7933AAD1F0096F20069DBF7 /* main.m */; };
		F7933AB11F0096F20069DBF7 /* AppDelegate.m in Sources */ = {isa = PBXBuildFile; fileRef = F7933AB01F0096F20069DBF7 /* AppDelegate.m */; };
		F7933AB71F0096F20069DBF7 /* Main.storyboard in Resources */ = {isa = PBXBuildFile; fileRef = F7933AB51F0096F20069DBF7 /* Main.storyboard */; };
		F7933AB91F0096F20069DBF7 /* Assets.xcassets in Resources */ = {isa = PBXBuildFile; fileRef = F7933AB81F0096F20069DBF7 /* Assets.xcassets */; };
		F7933ABC1F0096F20069DBF7 /* LaunchScreen.storyboard in Resources */ = {isa = PBXBuildFile; fileRef = F7933ABA1F0096F20069DBF7 /* LaunchScreen.storyboard */; };
		F7933AC71F0096F20069DBF7 /* HealthManagementTests.m in Sources */ = {isa = PBXBuildFile; fileRef = F7933AC61F0096F20069DBF7 /* HealthManagementTests.m */; };
		F7933AD21F0096F20069DBF7 /* HealthManagementUITests.m in Sources */ = {isa = PBXBuildFile; fileRef = F7933AD11F0096F20069DBF7 /* HealthManagementUITests.m */; };
/* End PBXBuildFile section */

/* Begin PBXContainerItemProxy section */
		F7933AC31F0096F20069DBF7 /* PBXContainerItemProxy */ = {
			isa = PBXContainerItemProxy;
			containerPortal = F7933AA11F0096F20069DBF7 /* Project object */;
			proxyType = 1;
			remoteGlobalIDString = F7933AA81F0096F20069DBF7;
			remoteInfo = HealthManagement;
		};
		F7933ACE1F0096F20069DBF7 /* PBXContainerItemProxy */ = {
			isa = PBXContainerItemProxy;
			containerPortal = F7933AA11F0096F20069DBF7 /* Project object */;
			proxyType = 1;
			remoteGlobalIDString = F7933AA81F0096F20069DBF7;
			remoteInfo = HealthManagement;
		};
/* End PBXContainerItemProxy section */

/* Begin PBXFileReference section */
		1C3DBC4AB9AA761BBA56BFD4 /* Pods-HealthManagement.debug.xcconfig */ = {isa = PBXFileReference; includeInIndex = 1; lastKnownFileType = text.xcconfig; name = "Pods-HealthManagement.debug.xcconfig"; path = "Pods/Target Support Files/Pods-HealthManagement/Pods-HealthManagement.debug.xcconfig"; sourceTree = "<group>"; };
		9D21BD6AC30A01FD6000B9F3 /* libPods-HealthManagement.a */ = {isa = PBXFileReference; explicitFileType = archive.ar; includeInIndex = 0; path = "libPods-HealthManagement.a"; sourceTree = BUILT_PRODUCTS_DIR; };
		F71C58751F19B61A00D97047 /* PointItemProtocol.h */ = {isa = PBXFileReference; fileEncoding = 4; lastKnownFileType = sourcecode.c.h; path = PointItemProtocol.h; sourceTree = "<group>"; };
		F71C58761F19B61A00D97047 /* PXChartBackgroundView.h */ = {isa = PBXFileReference; fileEncoding = 4; lastKnownFileType = sourcecode.c.h; path = PXChartBackgroundView.h; sourceTree = "<group>"; };
		F71C58771F19B61A00D97047 /* PXChartBackgroundView.m */ = {isa = PBXFileReference; fileEncoding = 4; lastKnownFileType = sourcecode.c.objc; path = PXChartBackgroundView.m; sourceTree = "<group>"; };
		F71C58781F19B61A00D97047 /* PXLineChart.h */ = {isa = PBXFileReference; fileEncoding = 4; lastKnownFileType = sourcecode.c.h; path = PXLineChart.h; sourceTree = "<group>"; };
		F71C58791F19B61A00D97047 /* PXLineChartConst.h */ = {isa = PBXFileReference; fileEncoding = 4; lastKnownFileType = sourcecode.c.h; path = PXLineChartConst.h; sourceTree = "<group>"; };
		F71C587A1F19B61A00D97047 /* PXLineChartConst.m */ = {isa = PBXFileReference; fileEncoding = 4; lastKnownFileType = sourcecode.c.objc; path = PXLineChartConst.m; sourceTree = "<group>"; };
		F71C587B1F19B61A00D97047 /* PXLineChartView.h */ = {isa = PBXFileReference; fileEncoding = 4; lastKnownFileType = sourcecode.c.h; path = PXLineChartView.h; sourceTree = "<group>"; };
		F71C587C1F19B61A00D97047 /* PXLineChartView.m */ = {isa = PBXFileReference; fileEncoding = 4; lastKnownFileType = sourcecode.c.objc; path = PXLineChartView.m; sourceTree = "<group>"; };
		F71C587D1F19B61A00D97047 /* PXXview.h */ = {isa = PBXFileReference; fileEncoding = 4; lastKnownFileType = sourcecode.c.h; path = PXXview.h; sourceTree = "<group>"; };
		F71C587E1F19B61A00D97047 /* PXXview.m */ = {isa = PBXFileReference; fileEncoding = 4; lastKnownFileType = sourcecode.c.objc; path = PXXview.m; sourceTree = "<group>"; };
		F71C587F1F19B61A00D97047 /* PXYview.h */ = {isa = PBXFileReference; fileEncoding = 4; lastKnownFileType = sourcecode.c.h; path = PXYview.h; sourceTree = "<group>"; };
		F71C58801F19B61A00D97047 /* PXYview.m */ = {isa = PBXFileReference; fileEncoding = 4; lastKnownFileType = sourcecode.c.objc; path = PXYview.m; sourceTree = "<group>"; };
		F71C58861F19B69900D97047 /* PointItem.h */ = {isa = PBXFileReference; fileEncoding = 4; lastKnownFileType = sourcecode.c.h; path = PointItem.h; sourceTree = "<group>"; };
		F71C58871F19B69900D97047 /* PointItem.m */ = {isa = PBXFileReference; fileEncoding = 4; lastKnownFileType = sourcecode.c.objc; path = PointItem.m; sourceTree = "<group>"; };
		F71C59031F19FB3400D97047 /* HealthManagement-Bridging-Header.h */ = {isa = PBXFileReference; lastKnownFileType = sourcecode.c.h; path = "HealthManagement-Bridging-Header.h"; sourceTree = "<group>"; };
		F71C59081F19FBCD00D97047 /* AvoidingSubviewScrollViewDelegate.swift */ = {isa = PBXFileReference; fileEncoding = 4; lastKnownFileType = sourcecode.swift; path = AvoidingSubviewScrollViewDelegate.swift; sourceTree = "<group>"; };
		F71C59091F19FBCD00D97047 /* Clock.swift */ = {isa = PBXFileReference; fileEncoding = 4; lastKnownFileType = sourcecode.swift; path = Clock.swift; sourceTree = "<group>"; };
		F71C590A1F19FBCD00D97047 /* CoreAnimation.swift */ = {isa = PBXFileReference; fileEncoding = 4; lastKnownFileType = sourcecode.swift; path = CoreAnimation.swift; sourceTree = "<group>"; };
		F71C590B1F19FBCD00D97047 /* CoreGraphicsExtensions.swift */ = {isa = PBXFileReference; fileEncoding = 4; lastKnownFileType = sourcecode.swift; path = CoreGraphicsExtensions.swift; sourceTree = "<group>"; };
		F71C590C1F19FBCD00D97047 /* DateExtensions.swift */ = {isa = PBXFileReference; fileEncoding = 4; lastKnownFileType = sourcecode.swift; path = DateExtensions.swift; sourceTree = "<group>"; };
		F71C590E1F19FBCD00D97047 /* module.modulemap */ = {isa = PBXFileReference; fileEncoding = 4; lastKnownFileType = "sourcecode.module-map"; path = module.modulemap; sourceTree = "<group>"; };
		F71C590F1F19FBCD00D97047 /* TenClock.h */ = {isa = PBXFileReference; fileEncoding = 4; lastKnownFileType = sourcecode.c.h; path = TenClock.h; sourceTree = "<group>"; };
		F737E21C1F01EC01000B5738 /* TabBarController.h */ = {isa = PBXFileReference; fileEncoding = 4; lastKnownFileType = sourcecode.c.h; path = TabBarController.h; sourceTree = "<group>"; };
		F737E21D1F01EC01000B5738 /* TabBarController.m */ = {isa = PBXFileReference; fileEncoding = 4; lastKnownFileType = sourcecode.c.objc; path = TabBarController.m; sourceTree = "<group>"; };
		F737E21F1F01EF91000B5738 /* NavigationController.h */ = {isa = PBXFileReference; fileEncoding = 4; lastKnownFileType = sourcecode.c.h; path = NavigationController.h; sourceTree = "<group>"; };
		F737E2201F01EF91000B5738 /* NavigationController.m */ = {isa = PBXFileReference; fileEncoding = 4; lastKnownFileType = sourcecode.c.objc; path = NavigationController.m; sourceTree = "<group>"; };
		F737E22C1F01F31C000B5738 /* Reachability.h */ = {isa = PBXFileReference; fileEncoding = 4; lastKnownFileType = sourcecode.c.h; path = Reachability.h; sourceTree = "<group>"; };
		F737E22D1F01F31C000B5738 /* Reachability.m */ = {isa = PBXFileReference; fileEncoding = 4; lastKnownFileType = sourcecode.c.objc; path = Reachability.m; sourceTree = "<group>"; };
		F737E2321F01F32A000B5738 /* NSStringExt.h */ = {isa = PBXFileReference; fileEncoding = 4; lastKnownFileType = sourcecode.c.h; path = NSStringExt.h; sourceTree = "<group>"; };
		F737E2331F01F32A000B5738 /* NSStringExt.m */ = {isa = PBXFileReference; fileEncoding = 4; lastKnownFileType = sourcecode.c.objc; path = NSStringExt.m; sourceTree = "<group>"; };
		F737E2341F01F32A000B5738 /* UIView+UIViewController.h */ = {isa = PBXFileReference; fileEncoding = 4; lastKnownFileType = sourcecode.c.h; path = "UIView+UIViewController.h"; sourceTree = "<group>"; };
		F737E2351F01F32A000B5738 /* UIView+UIViewController.m */ = {isa = PBXFileReference; fileEncoding = 4; lastKnownFileType = sourcecode.c.objc; path = "UIView+UIViewController.m"; sourceTree = "<group>"; };
		F737E2361F01F32A000B5738 /* UIViewController+UIViewControllerExt.h */ = {isa = PBXFileReference; fileEncoding = 4; lastKnownFileType = sourcecode.c.h; path = "UIViewController+UIViewControllerExt.h"; sourceTree = "<group>"; };
		F737E2371F01F32A000B5738 /* UIViewController+UIViewControllerExt.m */ = {isa = PBXFileReference; fileEncoding = 4; lastKnownFileType = sourcecode.c.objc; path = "UIViewController+UIViewControllerExt.m"; sourceTree = "<group>"; };
		F737E2381F01F32A000B5738 /* UIViewExt.h */ = {isa = PBXFileReference; fileEncoding = 4; lastKnownFileType = sourcecode.c.h; path = UIViewExt.h; sourceTree = "<group>"; };
		F737E2391F01F32A000B5738 /* UIViewExt.m */ = {isa = PBXFileReference; fileEncoding = 4; lastKnownFileType = sourcecode.c.objc; path = UIViewExt.m; sourceTree = "<group>"; };
		F737E2401F01F331000B5738 /* UIColor+Expend.h */ = {isa = PBXFileReference; fileEncoding = 4; lastKnownFileType = sourcecode.c.h; path = "UIColor+Expend.h"; sourceTree = "<group>"; };
		F737E2411F01F331000B5738 /* UIColor+Expend.m */ = {isa = PBXFileReference; fileEncoding = 4; lastKnownFileType = sourcecode.c.objc; path = "UIColor+Expend.m"; sourceTree = "<group>"; };
		F737E2441F01F389000B5738 /* InfoCache.h */ = {isa = PBXFileReference; fileEncoding = 4; lastKnownFileType = sourcecode.c.h; path = InfoCache.h; sourceTree = "<group>"; };
		F737E2451F01F389000B5738 /* InfoCache.m */ = {isa = PBXFileReference; fileEncoding = 4; lastKnownFileType = sourcecode.c.objc; path = InfoCache.m; sourceTree = "<group>"; };
		F737E2481F01F6C5000B5738 /* Toast+UIView.h */ = {isa = PBXFileReference; fileEncoding = 4; lastKnownFileType = sourcecode.c.h; path = "Toast+UIView.h"; sourceTree = "<group>"; };
		F737E2491F01F6C5000B5738 /* Toast+UIView.m */ = {isa = PBXFileReference; fileEncoding = 4; lastKnownFileType = sourcecode.c.objc; path = "Toast+UIView.m"; sourceTree = "<group>"; };
		F737E24B1F01F780000B5738 /* HealthManagement.pch */ = {isa = PBXFileReference; fileEncoding = 4; lastKnownFileType = sourcecode.c.h; path = HealthManagement.pch; sourceTree = "<group>"; };
		F737E24C1F01F8D2000B5738 /* HomeVC.h */ = {isa = PBXFileReference; fileEncoding = 4; lastKnownFileType = sourcecode.c.h; path = HomeVC.h; sourceTree = "<group>"; };
		F737E24D1F01F8D2000B5738 /* HomeVC.m */ = {isa = PBXFileReference; fileEncoding = 4; lastKnownFileType = sourcecode.c.objc; path = HomeVC.m; sourceTree = "<group>"; };
		F737E24F1F01F907000B5738 /* DietArticleVC.h */ = {isa = PBXFileReference; fileEncoding = 4; lastKnownFileType = sourcecode.c.h; path = DietArticleVC.h; sourceTree = "<group>"; };
		F737E2501F01F907000B5738 /* DietArticleVC.m */ = {isa = PBXFileReference; fileEncoding = 4; lastKnownFileType = sourcecode.c.objc; path = DietArticleVC.m; sourceTree = "<group>"; };
		F737E2521F01F99A000B5738 /* SportVC.h */ = {isa = PBXFileReference; fileEncoding = 4; lastKnownFileType = sourcecode.c.h; path = SportVC.h; sourceTree = "<group>"; };
		F737E2531F01F99A000B5738 /* SportVC.m */ = {isa = PBXFileReference; fileEncoding = 4; lastKnownFileType = sourcecode.c.objc; path = SportVC.m; sourceTree = "<group>"; };
		F737E2551F01FAA0000B5738 /* SleepVC.h */ = {isa = PBXFileReference; fileEncoding = 4; lastKnownFileType = sourcecode.c.h; path = SleepVC.h; sourceTree = "<group>"; };
		F737E2561F01FAA0000B5738 /* SleepVC.m */ = {isa = PBXFileReference; fileEncoding = 4; lastKnownFileType = sourcecode.c.objc; path = SleepVC.m; sourceTree = "<group>"; };
		F737E2581F01FB30000B5738 /* PersonalCenterVC.h */ = {isa = PBXFileReference; fileEncoding = 4; lastKnownFileType = sourcecode.c.h; path = PersonalCenterVC.h; sourceTree = "<group>"; };
		F737E2591F01FB30000B5738 /* PersonalCenterVC.m */ = {isa = PBXFileReference; fileEncoding = 4; lastKnownFileType = sourcecode.c.objc; path = PersonalCenterVC.m; sourceTree = "<group>"; };
		F74371681F14BD3500332D21 /* NearbyRestaurantVC.h */ = {isa = PBXFileReference; fileEncoding = 4; lastKnownFileType = sourcecode.c.h; path = NearbyRestaurantVC.h; sourceTree = "<group>"; };
		F74371691F14BD3500332D21 /* NearbyRestaurantVC.m */ = {isa = PBXFileReference; fileEncoding = 4; lastKnownFileType = sourcecode.c.objc; path = NearbyRestaurantVC.m; sourceTree = "<group>"; };
		F743716B1F14C0E100332D21 /* NearbyRestaurantTableView.h */ = {isa = PBXFileReference; fileEncoding = 4; lastKnownFileType = sourcecode.c.h; path = NearbyRestaurantTableView.h; sourceTree = "<group>"; };
		F743716C1F14C0E100332D21 /* NearbyRestaurantTableView.m */ = {isa = PBXFileReference; fileEncoding = 4; lastKnownFileType = sourcecode.c.objc; path = NearbyRestaurantTableView.m; sourceTree = "<group>"; };
		F743716E1F14D1AD00332D21 /* NearbyRestaurantTableViewCell.h */ = {isa = PBXFileReference; fileEncoding = 4; lastKnownFileType = sourcecode.c.h; path = NearbyRestaurantTableViewCell.h; sourceTree = "<group>"; };
		F743716F1F14D1AD00332D21 /* NearbyRestaurantTableViewCell.m */ = {isa = PBXFileReference; fileEncoding = 4; lastKnownFileType = sourcecode.c.objc; path = NearbyRestaurantTableViewCell.m; sourceTree = "<group>"; };
		F74FF5C21F15B91300C84034 /* RecommendDietTableView.h */ = {isa = PBXFileReference; fileEncoding = 4; lastKnownFileType = sourcecode.c.h; path = RecommendDietTableView.h; sourceTree = "<group>"; };
		F74FF5C31F15B91300C84034 /* RecommendDietTableView.m */ = {isa = PBXFileReference; fileEncoding = 4; lastKnownFileType = sourcecode.c.objc; path = RecommendDietTableView.m; sourceTree = "<group>"; };
		F74FF5C51F15BB2200C84034 /* RecommendDietCell.h */ = {isa = PBXFileReference; fileEncoding = 4; lastKnownFileType = sourcecode.c.h; path = RecommendDietCell.h; sourceTree = "<group>"; };
		F74FF5C61F15BB2200C84034 /* RecommendDietCell.m */ = {isa = PBXFileReference; fileEncoding = 4; lastKnownFileType = sourcecode.c.objc; path = RecommendDietCell.m; sourceTree = "<group>"; };
		F74FF5C91F15FC1900C84034 /* HXTagsView.h */ = {isa = PBXFileReference; fileEncoding = 4; lastKnownFileType = sourcecode.c.h; path = HXTagsView.h; sourceTree = "<group>"; };
		F74FF5CA1F15FC1900C84034 /* HXTagsView.m */ = {isa = PBXFileReference; fileEncoding = 4; lastKnownFileType = sourcecode.c.objc; path = HXTagsView.m; sourceTree = "<group>"; };
		F74FF5CF1F160FB700C84034 /* DietArticleCell.h */ = {isa = PBXFileReference; fileEncoding = 4; lastKnownFileType = sourcecode.c.h; path = DietArticleCell.h; sourceTree = "<group>"; };
		F74FF5D01F160FB700C84034 /* DietArticleCell.m */ = {isa = PBXFileReference; fileEncoding = 4; lastKnownFileType = sourcecode.c.objc; path = DietArticleCell.m; sourceTree = "<group>"; };
		F74FF5D21F161FAA00C84034 /* DietRecordView.h */ = {isa = PBXFileReference; fileEncoding = 4; lastKnownFileType = sourcecode.c.h; path = DietRecordView.h; sourceTree = "<group>"; };
		F74FF5D31F161FAA00C84034 /* DietRecordView.m */ = {isa = PBXFileReference; fileEncoding = 4; lastKnownFileType = sourcecode.c.objc; path = DietRecordView.m; sourceTree = "<group>"; };
		F75EB7771F17221C00DA36FF /* RecommendDietVC.h */ = {isa = PBXFileReference; fileEncoding = 4; lastKnownFileType = sourcecode.c.h; path = RecommendDietVC.h; sourceTree = "<group>"; };
		F75EB7781F17221C00DA36FF /* RecommendDietVC.m */ = {isa = PBXFileReference; fileEncoding = 4; lastKnownFileType = sourcecode.c.objc; path = RecommendDietVC.m; sourceTree = "<group>"; };
		F75EB77A1F17391C00DA36FF /* ResDetailHeaderView.h */ = {isa = PBXFileReference; fileEncoding = 4; lastKnownFileType = sourcecode.c.h; path = ResDetailHeaderView.h; sourceTree = "<group>"; };
		F75EB77B1F17391C00DA36FF /* ResDetailHeaderView.m */ = {isa = PBXFileReference; fileEncoding = 4; lastKnownFileType = sourcecode.c.objc; path = ResDetailHeaderView.m; sourceTree = "<group>"; };
		F75EB77D1F17393600DA36FF /* ResDetailVC.h */ = {isa = PBXFileReference; fileEncoding = 4; lastKnownFileType = sourcecode.c.h; path = ResDetailVC.h; sourceTree = "<group>"; };
		F75EB77E1F17393600DA36FF /* ResDetailVC.m */ = {isa = PBXFileReference; fileEncoding = 4; lastKnownFileType = sourcecode.c.objc; path = ResDetailVC.m; sourceTree = "<group>"; };
		F75EB7801F1743CB00DA36FF /* ResDetailCollectionViewCell.h */ = {isa = PBXFileReference; fileEncoding = 4; lastKnownFileType = sourcecode.c.h; path = ResDetailCollectionViewCell.h; sourceTree = "<group>"; };
		F75EB7811F1743CB00DA36FF /* ResDetailCollectionViewCell.m */ = {isa = PBXFileReference; fileEncoding = 4; lastKnownFileType = sourcecode.c.objc; path = ResDetailCollectionViewCell.m; sourceTree = "<group>"; };
		F75EB7831F174A0F00DA36FF /* ResDetailCell.h */ = {isa = PBXFileReference; fileEncoding = 4; lastKnownFileType = sourcecode.c.h; path = ResDetailCell.h; sourceTree = "<group>"; };
		F75EB7841F174A0F00DA36FF /* ResDetailCell.m */ = {isa = PBXFileReference; fileEncoding = 4; lastKnownFileType = sourcecode.c.objc; path = ResDetailCell.m; sourceTree = "<group>"; };
		F75EB7871F175A0700DA36FF /* NSObject+YYModel.h */ = {isa = PBXFileReference; fileEncoding = 4; lastKnownFileType = sourcecode.c.h; path = "NSObject+YYModel.h"; sourceTree = "<group>"; };
		F75EB7881F175A0700DA36FF /* NSObject+YYModel.m */ = {isa = PBXFileReference; fileEncoding = 4; lastKnownFileType = sourcecode.c.objc; path = "NSObject+YYModel.m"; sourceTree = "<group>"; };
		F75EB7891F175A0700DA36FF /* YYClassInfo.h */ = {isa = PBXFileReference; fileEncoding = 4; lastKnownFileType = sourcecode.c.h; path = YYClassInfo.h; sourceTree = "<group>"; };
		F75EB78A1F175A0700DA36FF /* YYClassInfo.m */ = {isa = PBXFileReference; fileEncoding = 4; lastKnownFileType = sourcecode.c.objc; path = YYClassInfo.m; sourceTree = "<group>"; };
		F75EB78B1F175A0700DA36FF /* YYModel.h */ = {isa = PBXFileReference; fileEncoding = 4; lastKnownFileType = sourcecode.c.h; path = YYModel.h; sourceTree = "<group>"; };
		F75EB78E1F175A2700DA36FF /* ResDetailModel.h */ = {isa = PBXFileReference; fileEncoding = 4; lastKnownFileType = sourcecode.c.h; path = ResDetailModel.h; sourceTree = "<group>"; };
		F75EB78F1F175A2700DA36FF /* ResDetailModel.m */ = {isa = PBXFileReference; fileEncoding = 4; lastKnownFileType = sourcecode.c.objc; path = ResDetailModel.m; sourceTree = "<group>"; };
		F7667D1F1F1C86D800F60D34 /* ZWLSlider.h */ = {isa = PBXFileReference; fileEncoding = 4; lastKnownFileType = sourcecode.c.h; path = ZWLSlider.h; sourceTree = "<group>"; };
		F7667D201F1C86D800F60D34 /* ZWLSlider.m */ = {isa = PBXFileReference; fileEncoding = 4; lastKnownFileType = sourcecode.c.objc; path = ZWLSlider.m; sourceTree = "<group>"; };
		F76E48101F185D46001C259E /* CookbookDetailVC.h */ = {isa = PBXFileReference; fileEncoding = 4; lastKnownFileType = sourcecode.c.h; path = CookbookDetailVC.h; sourceTree = "<group>"; };
		F76E48111F185D46001C259E /* CookbookDetailVC.m */ = {isa = PBXFileReference; fileEncoding = 4; lastKnownFileType = sourcecode.c.objc; path = CookbookDetailVC.m; sourceTree = "<group>"; };
		F76E48131F185E63001C259E /* TLCollectionViewCell.h */ = {isa = PBXFileReference; fileEncoding = 4; lastKnownFileType = sourcecode.c.h; path = TLCollectionViewCell.h; sourceTree = "<group>"; };
		F76E48141F185E63001C259E /* TLCollectionViewCell.m */ = {isa = PBXFileReference; fileEncoding = 4; lastKnownFileType = sourcecode.c.objc; path = TLCollectionViewCell.m; sourceTree = "<group>"; };
		F76E48161F1860F6001C259E /* TLCollectionViewLineLayout.h */ = {isa = PBXFileReference; fileEncoding = 4; lastKnownFileType = sourcecode.c.h; path = TLCollectionViewLineLayout.h; sourceTree = "<group>"; };
		F76E48171F1860F6001C259E /* TLCollectionViewLineLayout.m */ = {isa = PBXFileReference; fileEncoding = 4; lastKnownFileType = sourcecode.c.objc; path = TLCollectionViewLineLayout.m; sourceTree = "<group>"; };
		F76E48191F188BB0001C259E /* PaymentVC.h */ = {isa = PBXFileReference; fileEncoding = 4; lastKnownFileType = sourcecode.c.h; path = PaymentVC.h; sourceTree = "<group>"; };
		F76E481A1F188BB0001C259E /* PaymentVC.m */ = {isa = PBXFileReference; fileEncoding = 4; lastKnownFileType = sourcecode.c.objc; path = PaymentVC.m; sourceTree = "<group>"; };
		F774B9191F13244C00A60166 /* HeaderView.h */ = {isa = PBXFileReference; fileEncoding = 4; lastKnownFileType = sourcecode.c.h; path = HeaderView.h; sourceTree = "<group>"; };
		F774B91A1F13244C00A60166 /* HeaderView.m */ = {isa = PBXFileReference; fileEncoding = 4; lastKnownFileType = sourcecode.c.objc; path = HeaderView.m; sourceTree = "<group>"; };
		F774B91E1F13271000A60166 /* TAAbstractDotView.h */ = {isa = PBXFileReference; fileEncoding = 4; lastKnownFileType = sourcecode.c.h; path = TAAbstractDotView.h; sourceTree = "<group>"; };
		F774B91F1F13271000A60166 /* TAAbstractDotView.m */ = {isa = PBXFileReference; fileEncoding = 4; lastKnownFileType = sourcecode.c.objc; path = TAAbstractDotView.m; sourceTree = "<group>"; };
		F774B9201F13271000A60166 /* TAAnimatedDotView.h */ = {isa = PBXFileReference; fileEncoding = 4; lastKnownFileType = sourcecode.c.h; path = TAAnimatedDotView.h; sourceTree = "<group>"; };
		F774B9211F13271000A60166 /* TAAnimatedDotView.m */ = {isa = PBXFileReference; fileEncoding = 4; lastKnownFileType = sourcecode.c.objc; path = TAAnimatedDotView.m; sourceTree = "<group>"; };
		F774B9221F13271000A60166 /* TADotView.h */ = {isa = PBXFileReference; fileEncoding = 4; lastKnownFileType = sourcecode.c.h; path = TADotView.h; sourceTree = "<group>"; };
		F774B9231F13271000A60166 /* TADotView.m */ = {isa = PBXFileReference; fileEncoding = 4; lastKnownFileType = sourcecode.c.objc; path = TADotView.m; sourceTree = "<group>"; };
		F774B9241F13271000A60166 /* TAPageControl.h */ = {isa = PBXFileReference; fileEncoding = 4; lastKnownFileType = sourcecode.c.h; path = TAPageControl.h; sourceTree = "<group>"; };
		F774B9251F13271000A60166 /* TAPageControl.m */ = {isa = PBXFileReference; fileEncoding = 4; lastKnownFileType = sourcecode.c.objc; path = TAPageControl.m; sourceTree = "<group>"; };
		F774B9261F13271000A60166 /* SDCollectionViewCell.h */ = {isa = PBXFileReference; fileEncoding = 4; lastKnownFileType = sourcecode.c.h; path = SDCollectionViewCell.h; sourceTree = "<group>"; };
		F774B9271F13271000A60166 /* SDCollectionViewCell.m */ = {isa = PBXFileReference; fileEncoding = 4; lastKnownFileType = sourcecode.c.objc; path = SDCollectionViewCell.m; sourceTree = "<group>"; };
		F774B9281F13271000A60166 /* SDCycleScrollView.h */ = {isa = PBXFileReference; fileEncoding = 4; lastKnownFileType = sourcecode.c.h; path = SDCycleScrollView.h; sourceTree = "<group>"; };
		F774B9291F13271000A60166 /* SDCycleScrollView.m */ = {isa = PBXFileReference; fileEncoding = 4; lastKnownFileType = sourcecode.c.objc; path = SDCycleScrollView.m; sourceTree = "<group>"; };
		F774B92A1F13271000A60166 /* UIView+SDExtension.h */ = {isa = PBXFileReference; fileEncoding = 4; lastKnownFileType = sourcecode.c.h; path = "UIView+SDExtension.h"; sourceTree = "<group>"; };
		F774B92B1F13271000A60166 /* UIView+SDExtension.m */ = {isa = PBXFileReference; fileEncoding = 4; lastKnownFileType = sourcecode.c.objc; path = "UIView+SDExtension.m"; sourceTree = "<group>"; };
		F774B9331F13528100A60166 /* NearbyResView.h */ = {isa = PBXFileReference; fileEncoding = 4; lastKnownFileType = sourcecode.c.h; path = NearbyResView.h; sourceTree = "<group>"; };
		F774B9341F13528100A60166 /* NearbyResView.m */ = {isa = PBXFileReference; fileEncoding = 4; lastKnownFileType = sourcecode.c.objc; path = NearbyResView.m; sourceTree = "<group>"; };
		F774B9391F13750C00A60166 /* RecommendDietView.h */ = {isa = PBXFileReference; fileEncoding = 4; lastKnownFileType = sourcecode.c.h; path = RecommendDietView.h; sourceTree = "<group>"; };
		F774B93A1F13750C00A60166 /* RecommendDietView.m */ = {isa = PBXFileReference; fileEncoding = 4; lastKnownFileType = sourcecode.c.objc; path = RecommendDietView.m; sourceTree = "<group>"; };
		F78022951F0F66B600017D5C /* HelpMac.h */ = {isa = PBXFileReference; fileEncoding = 4; lastKnownFileType = sourcecode.c.h; path = HelpMac.h; sourceTree = "<group>"; };
		F780229A1F0F802400017D5C /* BaseViewController.h */ = {isa = PBXFileReference; fileEncoding = 4; lastKnownFileType = sourcecode.c.h; path = BaseViewController.h; sourceTree = "<group>"; };
		F780229B1F0F802400017D5C /* BaseViewController.m */ = {isa = PBXFileReference; fileEncoding = 4; lastKnownFileType = sourcecode.c.objc; path = BaseViewController.m; sourceTree = "<group>"; };
		F78022A01F0F8BA300017D5C /* DietRecordCell.h */ = {isa = PBXFileReference; fileEncoding = 4; lastKnownFileType = sourcecode.c.h; path = DietRecordCell.h; sourceTree = "<group>"; };
		F78022A11F0F8BA300017D5C /* DietRecordCell.m */ = {isa = PBXFileReference; fileEncoding = 4; lastKnownFileType = sourcecode.c.objc; path = DietRecordCell.m; sourceTree = "<group>"; };
		F7933AA91F0096F20069DBF7 /* HealthManagement.app */ = {isa = PBXFileReference; explicitFileType = wrapper.application; includeInIndex = 0; path = HealthManagement.app; sourceTree = BUILT_PRODUCTS_DIR; };
		F7933AAD1F0096F20069DBF7 /* main.m */ = {isa = PBXFileReference; lastKnownFileType = sourcecode.c.objc; path = main.m; sourceTree = "<group>"; };
		F7933AAF1F0096F20069DBF7 /* AppDelegate.h */ = {isa = PBXFileReference; lastKnownFileType = sourcecode.c.h; path = AppDelegate.h; sourceTree = "<group>"; };
		F7933AB01F0096F20069DBF7 /* AppDelegate.m */ = {isa = PBXFileReference; lastKnownFileType = sourcecode.c.objc; path = AppDelegate.m; sourceTree = "<group>"; };
		F7933AB61F0096F20069DBF7 /* Base */ = {isa = PBXFileReference; lastKnownFileType = file.storyboard; name = Base; path = Base.lproj/Main.storyboard; sourceTree = "<group>"; };
		F7933AB81F0096F20069DBF7 /* Assets.xcassets */ = {isa = PBXFileReference; lastKnownFileType = folder.assetcatalog; path = Assets.xcassets; sourceTree = "<group>"; };
		F7933ABB1F0096F20069DBF7 /* Base */ = {isa = PBXFileReference; lastKnownFileType = file.storyboard; name = Base; path = Base.lproj/LaunchScreen.storyboard; sourceTree = "<group>"; };
		F7933ABD1F0096F20069DBF7 /* Info.plist */ = {isa = PBXFileReference; lastKnownFileType = text.plist.xml; path = Info.plist; sourceTree = "<group>"; };
		F7933AC21F0096F20069DBF7 /* HealthManagementTests.xctest */ = {isa = PBXFileReference; explicitFileType = wrapper.cfbundle; includeInIndex = 0; path = HealthManagementTests.xctest; sourceTree = BUILT_PRODUCTS_DIR; };
		F7933AC61F0096F20069DBF7 /* HealthManagementTests.m */ = {isa = PBXFileReference; lastKnownFileType = sourcecode.c.objc; path = HealthManagementTests.m; sourceTree = "<group>"; };
		F7933AC81F0096F20069DBF7 /* Info.plist */ = {isa = PBXFileReference; lastKnownFileType = text.plist.xml; path = Info.plist; sourceTree = "<group>"; };
		F7933ACD1F0096F20069DBF7 /* HealthManagementUITests.xctest */ = {isa = PBXFileReference; explicitFileType = wrapper.cfbundle; includeInIndex = 0; path = HealthManagementUITests.xctest; sourceTree = BUILT_PRODUCTS_DIR; };
		F7933AD11F0096F20069DBF7 /* HealthManagementUITests.m */ = {isa = PBXFileReference; lastKnownFileType = sourcecode.c.objc; path = HealthManagementUITests.m; sourceTree = "<group>"; };
		F7933AD31F0096F20069DBF7 /* Info.plist */ = {isa = PBXFileReference; lastKnownFileType = text.plist.xml; path = Info.plist; sourceTree = "<group>"; };
		FE1EB4E447C59A76E198F67F /* Pods-HealthManagement.release.xcconfig */ = {isa = PBXFileReference; includeInIndex = 1; lastKnownFileType = text.xcconfig; name = "Pods-HealthManagement.release.xcconfig"; path = "Pods/Target Support Files/Pods-HealthManagement/Pods-HealthManagement.release.xcconfig"; sourceTree = "<group>"; };
/* End PBXFileReference section */

/* Begin PBXFrameworksBuildPhase section */
		F7933AA61F0096F20069DBF7 /* Frameworks */ = {
			isa = PBXFrameworksBuildPhase;
			buildActionMask = 2147483647;
			files = (
				8FEE33F23F48E8843A465F26 /* libPods-HealthManagement.a in Frameworks */,
			);
			runOnlyForDeploymentPostprocessing = 0;
		};
		F7933ABF1F0096F20069DBF7 /* Frameworks */ = {
			isa = PBXFrameworksBuildPhase;
			buildActionMask = 2147483647;
			files = (
			);
			runOnlyForDeploymentPostprocessing = 0;
		};
		F7933ACA1F0096F20069DBF7 /* Frameworks */ = {
			isa = PBXFrameworksBuildPhase;
			buildActionMask = 2147483647;
			files = (
			);
			runOnlyForDeploymentPostprocessing = 0;
		};
/* End PBXFrameworksBuildPhase section */

/* Begin PBXGroup section */
		C14A1FF32B253251B01F3EE4 /* Pods */ = {
			isa = PBXGroup;
			children = (
				1C3DBC4AB9AA761BBA56BFD4 /* Pods-HealthManagement.debug.xcconfig */,
				FE1EB4E447C59A76E198F67F /* Pods-HealthManagement.release.xcconfig */,
			);
			name = Pods;
			sourceTree = "<group>";
		};
		D3C74D4B8FC785D109A9C222 /* Frameworks */ = {
			isa = PBXGroup;
			children = (
				9D21BD6AC30A01FD6000B9F3 /* libPods-HealthManagement.a */,
			);
			name = Frameworks;
			sourceTree = "<group>";
		};
		F71C58741F19B61A00D97047 /* LineChart */ = {
			isa = PBXGroup;
			children = (
				F71C58861F19B69900D97047 /* PointItem.h */,
				F71C58871F19B69900D97047 /* PointItem.m */,
				F71C58751F19B61A00D97047 /* PointItemProtocol.h */,
				F71C58761F19B61A00D97047 /* PXChartBackgroundView.h */,
				F71C58771F19B61A00D97047 /* PXChartBackgroundView.m */,
				F71C58781F19B61A00D97047 /* PXLineChart.h */,
				F71C58791F19B61A00D97047 /* PXLineChartConst.h */,
				F71C587A1F19B61A00D97047 /* PXLineChartConst.m */,
				F71C587B1F19B61A00D97047 /* PXLineChartView.h */,
				F71C587C1F19B61A00D97047 /* PXLineChartView.m */,
				F71C587D1F19B61A00D97047 /* PXXview.h */,
				F71C587E1F19B61A00D97047 /* PXXview.m */,
				F71C587F1F19B61A00D97047 /* PXYview.h */,
				F71C58801F19B61A00D97047 /* PXYview.m */,
			);
			path = LineChart;
			sourceTree = "<group>";
		};
		F71C59061F19FBBB00D97047 /* Swift */ = {
			isa = PBXGroup;
			children = (
				F71C59071F19FBCD00D97047 /* 10Clock */,
			);
			name = Swift;
			sourceTree = "<group>";
		};
		F71C59071F19FBCD00D97047 /* 10Clock */ = {
			isa = PBXGroup;
			children = (
				F71C59081F19FBCD00D97047 /* AvoidingSubviewScrollViewDelegate.swift */,
				F71C59091F19FBCD00D97047 /* Clock.swift */,
				F71C590A1F19FBCD00D97047 /* CoreAnimation.swift */,
				F71C590B1F19FBCD00D97047 /* CoreGraphicsExtensions.swift */,
				F71C590C1F19FBCD00D97047 /* DateExtensions.swift */,
				F71C590E1F19FBCD00D97047 /* module.modulemap */,
				F71C590F1F19FBCD00D97047 /* TenClock.h */,
			);
			path = 10Clock;
			sourceTree = "<group>";
		};
		F737E2221F01EFF4000B5738 /* 首页 */ = {
			isa = PBXGroup;
			children = (
				F780229F1F0F89DB00017D5C /* Controller */,
				F780229E1F0F89D800017D5C /* View */,
				F780229D1F0F89D100017D5C /* Model */,
			);
			name = "首页";
			sourceTree = "<group>";
		};
		F737E2251F01F01A000B5738 /* 我的 */ = {
			isa = PBXGroup;
			children = (
				F737E2581F01FB30000B5738 /* PersonalCenterVC.h */,
				F737E2591F01FB30000B5738 /* PersonalCenterVC.m */,
			);
			name = "我的";
			sourceTree = "<group>";
		};
		F737E2261F01F041000B5738 /* 饮食文章 */ = {
			isa = PBXGroup;
			children = (
				F74FF5CE1F160F7500C84034 /* Controller */,
				F74FF5CD1F160F7300C84034 /* View */,
				F74FF5CC1F160F6F00C84034 /* Model */,
			);
			name = "饮食文章";
			sourceTree = "<group>";
		};
		F737E2271F01F055000B5738 /* 运动 */ = {
			isa = PBXGroup;
			children = (
				F737E2521F01F99A000B5738 /* SportVC.h */,
				F737E2531F01F99A000B5738 /* SportVC.m */,
			);
			name = "运动";
			sourceTree = "<group>";
		};
		F737E2281F01F063000B5738 /* 睡眠 */ = {
			isa = PBXGroup;
			children = (
				F737E2551F01FAA0000B5738 /* SleepVC.h */,
				F737E2561F01FAA0000B5738 /* SleepVC.m */,
			);
			name = "睡眠";
			sourceTree = "<group>";
		};
		F737E2291F01F086000B5738 /* 注册登录 */ = {
			isa = PBXGroup;
			children = (
			);
			name = "注册登录";
			sourceTree = "<group>";
		};
		F737E22A1F01F305000B5738 /* Thirdparty */ = {
			isa = PBXGroup;
			children = (
				F71C58741F19B61A00D97047 /* LineChart */,
				F76E48091F184FBB001C259E /* TLCollectionViewLineLayout */,
				F75EB7861F175A0700DA36FF /* YYModel */,
				F74FF5C81F15FC1900C84034 /* 标签 */,
				F774B91C1F13271000A60166 /* SDCycleScrollView */,
				F737E2471F01F6BE000B5738 /* Toast */,
				F737E2431F01F37F000B5738 /* InfoCache */,
				F737E23F1F01F331000B5738 /* UIColorEx */,
				F737E22F1F01F32A000B5738 /* Tools */,
				F737E22B1F01F31C000B5738 /* Reachability */,
			);
			name = Thirdparty;
			path = ..;
			sourceTree = "<group>";
		};
		F737E22B1F01F31C000B5738 /* Reachability */ = {
			isa = PBXGroup;
			children = (
				F737E22C1F01F31C000B5738 /* Reachability.h */,
				F737E22D1F01F31C000B5738 /* Reachability.m */,
			);
			path = Reachability;
			sourceTree = "<group>";
		};
		F737E22F1F01F32A000B5738 /* Tools */ = {
			isa = PBXGroup;
			children = (
				F737E2321F01F32A000B5738 /* NSStringExt.h */,
				F737E2331F01F32A000B5738 /* NSStringExt.m */,
				F737E2341F01F32A000B5738 /* UIView+UIViewController.h */,
				F737E2351F01F32A000B5738 /* UIView+UIViewController.m */,
				F737E2361F01F32A000B5738 /* UIViewController+UIViewControllerExt.h */,
				F737E2371F01F32A000B5738 /* UIViewController+UIViewControllerExt.m */,
				F737E2381F01F32A000B5738 /* UIViewExt.h */,
				F737E2391F01F32A000B5738 /* UIViewExt.m */,
			);
			path = Tools;
			sourceTree = "<group>";
		};
		F737E23F1F01F331000B5738 /* UIColorEx */ = {
			isa = PBXGroup;
			children = (
				F737E2401F01F331000B5738 /* UIColor+Expend.h */,
				F737E2411F01F331000B5738 /* UIColor+Expend.m */,
			);
			path = UIColorEx;
			sourceTree = "<group>";
		};
		F737E2431F01F37F000B5738 /* InfoCache */ = {
			isa = PBXGroup;
			children = (
				F737E2441F01F389000B5738 /* InfoCache.h */,
				F737E2451F01F389000B5738 /* InfoCache.m */,
			);
			path = InfoCache;
			sourceTree = "<group>";
		};
		F737E2471F01F6BE000B5738 /* Toast */ = {
			isa = PBXGroup;
			children = (
				F737E2481F01F6C5000B5738 /* Toast+UIView.h */,
				F737E2491F01F6C5000B5738 /* Toast+UIView.m */,
			);
			path = Toast;
			sourceTree = "<group>";
		};
		F74371641F14A03500332D21 /* CustomClass */ = {
			isa = PBXGroup;
			children = (
				F7667D1F1F1C86D800F60D34 /* ZWLSlider.h */,
				F7667D201F1C86D800F60D34 /* ZWLSlider.m */,
			);
			path = CustomClass;
			sourceTree = "<group>";
		};
		F74FF5C81F15FC1900C84034 /* 标签 */ = {
			isa = PBXGroup;
			children = (
				F74FF5C91F15FC1900C84034 /* HXTagsView.h */,
				F74FF5CA1F15FC1900C84034 /* HXTagsView.m */,
			);
			path = "标签";
			sourceTree = "<group>";
		};
		F74FF5CC1F160F6F00C84034 /* Model */ = {
			isa = PBXGroup;
			children = (
			);
			name = Model;
			sourceTree = "<group>";
		};
		F74FF5CD1F160F7300C84034 /* View */ = {
			isa = PBXGroup;
			children = (
				F74FF5CF1F160FB700C84034 /* DietArticleCell.h */,
				F74FF5D01F160FB700C84034 /* DietArticleCell.m */,
			);
			name = View;
			sourceTree = "<group>";
		};
		F74FF5CE1F160F7500C84034 /* Controller */ = {
			isa = PBXGroup;
			children = (
				F737E24F1F01F907000B5738 /* DietArticleVC.h */,
				F737E2501F01F907000B5738 /* DietArticleVC.m */,
			);
			name = Controller;
			sourceTree = "<group>";
		};
		F75EB7861F175A0700DA36FF /* YYModel */ = {
			isa = PBXGroup;
			children = (
				F75EB7871F175A0700DA36FF /* NSObject+YYModel.h */,
				F75EB7881F175A0700DA36FF /* NSObject+YYModel.m */,
				F75EB7891F175A0700DA36FF /* YYClassInfo.h */,
				F75EB78A1F175A0700DA36FF /* YYClassInfo.m */,
				F75EB78B1F175A0700DA36FF /* YYModel.h */,
			);
			path = YYModel;
			sourceTree = "<group>";
		};
		F76E48091F184FBB001C259E /* TLCollectionViewLineLayout */ = {
			isa = PBXGroup;
			children = (
				F76E48161F1860F6001C259E /* TLCollectionViewLineLayout.h */,
				F76E48171F1860F6001C259E /* TLCollectionViewLineLayout.m */,
				F76E48131F185E63001C259E /* TLCollectionViewCell.h */,
				F76E48141F185E63001C259E /* TLCollectionViewCell.m */,
			);
			path = TLCollectionViewLineLayout;
			sourceTree = "<group>";
		};
		F774B91C1F13271000A60166 /* SDCycleScrollView */ = {
			isa = PBXGroup;
			children = (
				F774B91D1F13271000A60166 /* PageControl */,
				F774B9261F13271000A60166 /* SDCollectionViewCell.h */,
				F774B9271F13271000A60166 /* SDCollectionViewCell.m */,
				F774B9281F13271000A60166 /* SDCycleScrollView.h */,
				F774B9291F13271000A60166 /* SDCycleScrollView.m */,
				F774B92A1F13271000A60166 /* UIView+SDExtension.h */,
				F774B92B1F13271000A60166 /* UIView+SDExtension.m */,
			);
			path = SDCycleScrollView;
			sourceTree = "<group>";
		};
		F774B91D1F13271000A60166 /* PageControl */ = {
			isa = PBXGroup;
			children = (
				F774B91E1F13271000A60166 /* TAAbstractDotView.h */,
				F774B91F1F13271000A60166 /* TAAbstractDotView.m */,
				F774B9201F13271000A60166 /* TAAnimatedDotView.h */,
				F774B9211F13271000A60166 /* TAAnimatedDotView.m */,
				F774B9221F13271000A60166 /* TADotView.h */,
				F774B9231F13271000A60166 /* TADotView.m */,
				F774B9241F13271000A60166 /* TAPageControl.h */,
				F774B9251F13271000A60166 /* TAPageControl.m */,
			);
			path = PageControl;
			sourceTree = "<group>";
		};
		F780229D1F0F89D100017D5C /* Model */ = {
			isa = PBXGroup;
			children = (
				F75EB78E1F175A2700DA36FF /* ResDetailModel.h */,
				F75EB78F1F175A2700DA36FF /* ResDetailModel.m */,
			);
			name = Model;
			sourceTree = "<group>";
		};
		F780229E1F0F89D800017D5C /* View */ = {
			isa = PBXGroup;
			children = (
				F78022A01F0F8BA300017D5C /* DietRecordCell.h */,
				F78022A11F0F8BA300017D5C /* DietRecordCell.m */,
				F774B9191F13244C00A60166 /* HeaderView.h */,
				F774B91A1F13244C00A60166 /* HeaderView.m */,
				F774B9331F13528100A60166 /* NearbyResView.h */,
				F774B9341F13528100A60166 /* NearbyResView.m */,
				F774B9391F13750C00A60166 /* RecommendDietView.h */,
				F774B93A1F13750C00A60166 /* RecommendDietView.m */,
				F74FF5D21F161FAA00C84034 /* DietRecordView.h */,
				F74FF5D31F161FAA00C84034 /* DietRecordView.m */,
				F743716B1F14C0E100332D21 /* NearbyRestaurantTableView.h */,
				F743716C1F14C0E100332D21 /* NearbyRestaurantTableView.m */,
				F743716E1F14D1AD00332D21 /* NearbyRestaurantTableViewCell.h */,
				F743716F1F14D1AD00332D21 /* NearbyRestaurantTableViewCell.m */,
				F74FF5C21F15B91300C84034 /* RecommendDietTableView.h */,
				F74FF5C31F15B91300C84034 /* RecommendDietTableView.m */,
				F74FF5C51F15BB2200C84034 /* RecommendDietCell.h */,
				F74FF5C61F15BB2200C84034 /* RecommendDietCell.m */,
				F75EB77A1F17391C00DA36FF /* ResDetailHeaderView.h */,
				F75EB77B1F17391C00DA36FF /* ResDetailHeaderView.m */,
				F75EB7801F1743CB00DA36FF /* ResDetailCollectionViewCell.h */,
				F75EB7811F1743CB00DA36FF /* ResDetailCollectionViewCell.m */,
				F75EB7831F174A0F00DA36FF /* ResDetailCell.h */,
				F75EB7841F174A0F00DA36FF /* ResDetailCell.m */,
			);
			name = View;
			sourceTree = "<group>";
		};
		F780229F1F0F89DB00017D5C /* Controller */ = {
			isa = PBXGroup;
			children = (
				F737E24C1F01F8D2000B5738 /* HomeVC.h */,
				F737E24D1F01F8D2000B5738 /* HomeVC.m */,
				F74371681F14BD3500332D21 /* NearbyRestaurantVC.h */,
				F74371691F14BD3500332D21 /* NearbyRestaurantVC.m */,
				F75EB7771F17221C00DA36FF /* RecommendDietVC.h */,
				F75EB7781F17221C00DA36FF /* RecommendDietVC.m */,
				F75EB77D1F17393600DA36FF /* ResDetailVC.h */,
				F75EB77E1F17393600DA36FF /* ResDetailVC.m */,
				F76E48101F185D46001C259E /* CookbookDetailVC.h */,
				F76E48111F185D46001C259E /* CookbookDetailVC.m */,
				F76E48191F188BB0001C259E /* PaymentVC.h */,
				F76E481A1F188BB0001C259E /* PaymentVC.m */,
			);
			name = Controller;
			sourceTree = "<group>";
		};
		F7933AA01F0096F20069DBF7 = {
			isa = PBXGroup;
			children = (
				F7933AAB1F0096F20069DBF7 /* HealthManagement */,
				F7933AC51F0096F20069DBF7 /* HealthManagementTests */,
				F7933AD01F0096F20069DBF7 /* HealthManagementUITests */,
				F7933AAA1F0096F20069DBF7 /* Products */,
				C14A1FF32B253251B01F3EE4 /* Pods */,
				D3C74D4B8FC785D109A9C222 /* Frameworks */,
			);
			sourceTree = "<group>";
		};
		F7933AAA1F0096F20069DBF7 /* Products */ = {
			isa = PBXGroup;
			children = (
				F7933AA91F0096F20069DBF7 /* HealthManagement.app */,
				F7933AC21F0096F20069DBF7 /* HealthManagementTests.xctest */,
				F7933ACD1F0096F20069DBF7 /* HealthManagementUITests.xctest */,
			);
			name = Products;
			sourceTree = "<group>";
		};
		F7933AAB1F0096F20069DBF7 /* HealthManagement */ = {
			isa = PBXGroup;
			children = (
				F71C59061F19FBBB00D97047 /* Swift */,
				F737E22A1F01F305000B5738 /* Thirdparty */,
				F7933AAF1F0096F20069DBF7 /* AppDelegate.h */,
				F7933AB01F0096F20069DBF7 /* AppDelegate.m */,
				F737E21F1F01EF91000B5738 /* NavigationController.h */,
				F737E2201F01EF91000B5738 /* NavigationController.m */,
				F780229A1F0F802400017D5C /* BaseViewController.h */,
				F780229B1F0F802400017D5C /* BaseViewController.m */,
				F74371641F14A03500332D21 /* CustomClass */,
				F737E21C1F01EC01000B5738 /* TabBarController.h */,
				F737E21D1F01EC01000B5738 /* TabBarController.m */,
				F737E2291F01F086000B5738 /* 注册登录 */,
				F737E2221F01EFF4000B5738 /* 首页 */,
				F737E2261F01F041000B5738 /* 饮食文章 */,
				F737E2271F01F055000B5738 /* 运动 */,
				F737E2281F01F063000B5738 /* 睡眠 */,
				F737E2251F01F01A000B5738 /* 我的 */,
				F7933AB51F0096F20069DBF7 /* Main.storyboard */,
				F7933AB81F0096F20069DBF7 /* Assets.xcassets */,
				F7933ABA1F0096F20069DBF7 /* LaunchScreen.storyboard */,
				F7933ABD1F0096F20069DBF7 /* Info.plist */,
				F7933AAC1F0096F20069DBF7 /* Supporting Files */,
			);
			path = HealthManagement;
			sourceTree = "<group>";
		};
		F7933AAC1F0096F20069DBF7 /* Supporting Files */ = {
			isa = PBXGroup;
			children = (
				F71C59031F19FB3400D97047 /* HealthManagement-Bridging-Header.h */,
				F7933AAD1F0096F20069DBF7 /* main.m */,
				F78022951F0F66B600017D5C /* HelpMac.h */,
				F737E24B1F01F780000B5738 /* HealthManagement.pch */,
			);
			name = "Supporting Files";
			sourceTree = "<group>";
		};
		F7933AC51F0096F20069DBF7 /* HealthManagementTests */ = {
			isa = PBXGroup;
			children = (
				F7933AC61F0096F20069DBF7 /* HealthManagementTests.m */,
				F7933AC81F0096F20069DBF7 /* Info.plist */,
			);
			path = HealthManagementTests;
			sourceTree = "<group>";
		};
		F7933AD01F0096F20069DBF7 /* HealthManagementUITests */ = {
			isa = PBXGroup;
			children = (
				F7933AD11F0096F20069DBF7 /* HealthManagementUITests.m */,
				F7933AD31F0096F20069DBF7 /* Info.plist */,
			);
			path = HealthManagementUITests;
			sourceTree = "<group>";
		};
/* End PBXGroup section */

/* Begin PBXNativeTarget section */
		F7933AA81F0096F20069DBF7 /* HealthManagement */ = {
			isa = PBXNativeTarget;
			buildConfigurationList = F7933AD61F0096F20069DBF7 /* Build configuration list for PBXNativeTarget "HealthManagement" */;
			buildPhases = (
				E04831D683C52BF7DA484158 /* [CP] Check Pods Manifest.lock */,
				F7933AA51F0096F20069DBF7 /* Sources */,
				F7933AA61F0096F20069DBF7 /* Frameworks */,
				F7933AA71F0096F20069DBF7 /* Resources */,
				418A23B36DDE5FF36FDBBFE7 /* [CP] Embed Pods Frameworks */,
				740DF920ABD2BA61CD89D94A /* [CP] Copy Pods Resources */,
			);
			buildRules = (
			);
			dependencies = (
			);
			name = HealthManagement;
			productName = HealthManagement;
			productReference = F7933AA91F0096F20069DBF7 /* HealthManagement.app */;
			productType = "com.apple.product-type.application";
		};
		F7933AC11F0096F20069DBF7 /* HealthManagementTests */ = {
			isa = PBXNativeTarget;
			buildConfigurationList = F7933AD91F0096F20069DBF7 /* Build configuration list for PBXNativeTarget "HealthManagementTests" */;
			buildPhases = (
				F7933ABE1F0096F20069DBF7 /* Sources */,
				F7933ABF1F0096F20069DBF7 /* Frameworks */,
				F7933AC01F0096F20069DBF7 /* Resources */,
			);
			buildRules = (
			);
			dependencies = (
				F7933AC41F0096F20069DBF7 /* PBXTargetDependency */,
			);
			name = HealthManagementTests;
			productName = HealthManagementTests;
			productReference = F7933AC21F0096F20069DBF7 /* HealthManagementTests.xctest */;
			productType = "com.apple.product-type.bundle.unit-test";
		};
		F7933ACC1F0096F20069DBF7 /* HealthManagementUITests */ = {
			isa = PBXNativeTarget;
			buildConfigurationList = F7933ADC1F0096F20069DBF7 /* Build configuration list for PBXNativeTarget "HealthManagementUITests" */;
			buildPhases = (
				F7933AC91F0096F20069DBF7 /* Sources */,
				F7933ACA1F0096F20069DBF7 /* Frameworks */,
				F7933ACB1F0096F20069DBF7 /* Resources */,
			);
			buildRules = (
			);
			dependencies = (
				F7933ACF1F0096F20069DBF7 /* PBXTargetDependency */,
			);
			name = HealthManagementUITests;
			productName = HealthManagementUITests;
			productReference = F7933ACD1F0096F20069DBF7 /* HealthManagementUITests.xctest */;
			productType = "com.apple.product-type.bundle.ui-testing";
		};
/* End PBXNativeTarget section */

/* Begin PBXProject section */
		F7933AA11F0096F20069DBF7 /* Project object */ = {
			isa = PBXProject;
			attributes = {
				LastUpgradeCheck = 0830;
				ORGANIZATIONNAME = ZhangWeiLiang;
				TargetAttributes = {
					F7933AA81F0096F20069DBF7 = {
						CreatedOnToolsVersion = 8.3.2;
						DevelopmentTeam = D59VU3JG9L;
						LastSwiftMigration = 0830;
						ProvisioningStyle = Manual;
					};
					F7933AC11F0096F20069DBF7 = {
						CreatedOnToolsVersion = 8.3.2;
						DevelopmentTeam = V9Z6UNDDUZ;
						ProvisioningStyle = Automatic;
						TestTargetID = F7933AA81F0096F20069DBF7;
					};
					F7933ACC1F0096F20069DBF7 = {
						CreatedOnToolsVersion = 8.3.2;
						DevelopmentTeam = V9Z6UNDDUZ;
						ProvisioningStyle = Automatic;
						TestTargetID = F7933AA81F0096F20069DBF7;
					};
				};
			};
			buildConfigurationList = F7933AA41F0096F20069DBF7 /* Build configuration list for PBXProject "HealthManagement" */;
			compatibilityVersion = "Xcode 3.2";
			developmentRegion = English;
			hasScannedForEncodings = 0;
			knownRegions = (
				en,
				Base,
			);
			mainGroup = F7933AA01F0096F20069DBF7;
			productRefGroup = F7933AAA1F0096F20069DBF7 /* Products */;
			projectDirPath = "";
			projectRoot = "";
			targets = (
				F7933AA81F0096F20069DBF7 /* HealthManagement */,
				F7933AC11F0096F20069DBF7 /* HealthManagementTests */,
				F7933ACC1F0096F20069DBF7 /* HealthManagementUITests */,
			);
		};
/* End PBXProject section */

/* Begin PBXResourcesBuildPhase section */
		F7933AA71F0096F20069DBF7 /* Resources */ = {
			isa = PBXResourcesBuildPhase;
			buildActionMask = 2147483647;
			files = (
				F7933ABC1F0096F20069DBF7 /* LaunchScreen.storyboard in Resources */,
				F7933AB91F0096F20069DBF7 /* Assets.xcassets in Resources */,
				F7933AB71F0096F20069DBF7 /* Main.storyboard in Resources */,
			);
			runOnlyForDeploymentPostprocessing = 0;
		};
		F7933AC01F0096F20069DBF7 /* Resources */ = {
			isa = PBXResourcesBuildPhase;
			buildActionMask = 2147483647;
			files = (
			);
			runOnlyForDeploymentPostprocessing = 0;
		};
		F7933ACB1F0096F20069DBF7 /* Resources */ = {
			isa = PBXResourcesBuildPhase;
			buildActionMask = 2147483647;
			files = (
			);
			runOnlyForDeploymentPostprocessing = 0;
		};
/* End PBXResourcesBuildPhase section */

/* Begin PBXShellScriptBuildPhase section */
		418A23B36DDE5FF36FDBBFE7 /* [CP] Embed Pods Frameworks */ = {
			isa = PBXShellScriptBuildPhase;
			buildActionMask = 2147483647;
			files = (
			);
			inputPaths = (
			);
			name = "[CP] Embed Pods Frameworks";
			outputPaths = (
			);
			runOnlyForDeploymentPostprocessing = 0;
			shellPath = /bin/sh;
			shellScript = "\"${SRCROOT}/Pods/Target Support Files/Pods-HealthManagement/Pods-HealthManagement-frameworks.sh\"\n";
			showEnvVarsInLog = 0;
		};
		740DF920ABD2BA61CD89D94A /* [CP] Copy Pods Resources */ = {
			isa = PBXShellScriptBuildPhase;
			buildActionMask = 2147483647;
			files = (
			);
			inputPaths = (
			);
			name = "[CP] Copy Pods Resources";
			outputPaths = (
			);
			runOnlyForDeploymentPostprocessing = 0;
			shellPath = /bin/sh;
			shellScript = "\"${SRCROOT}/Pods/Target Support Files/Pods-HealthManagement/Pods-HealthManagement-resources.sh\"\n";
			showEnvVarsInLog = 0;
		};
		E04831D683C52BF7DA484158 /* [CP] Check Pods Manifest.lock */ = {
			isa = PBXShellScriptBuildPhase;
			buildActionMask = 2147483647;
			files = (
			);
			inputPaths = (
			);
			name = "[CP] Check Pods Manifest.lock";
			outputPaths = (
			);
			runOnlyForDeploymentPostprocessing = 0;
			shellPath = /bin/sh;
			shellScript = "diff \"${PODS_PODFILE_DIR_PATH}/Podfile.lock\" \"${PODS_ROOT}/Manifest.lock\" > /dev/null\nif [ $? != 0 ] ; then\n    # print error to STDERR\n    echo \"error: The sandbox is not in sync with the Podfile.lock. Run 'pod install' or update your CocoaPods installation.\" >&2\n    exit 1\nfi\n";
			showEnvVarsInLog = 0;
		};
/* End PBXShellScriptBuildPhase section */

/* Begin PBXSourcesBuildPhase section */
		F7933AA51F0096F20069DBF7 /* Sources */ = {
			isa = PBXSourcesBuildPhase;
			buildActionMask = 2147483647;
			files = (
				F774B9351F13528100A60166 /* NearbyResView.m in Sources */,
				F743716D1F14C0E100332D21 /* NearbyRestaurantTableView.m in Sources */,
				F737E2211F01EF91000B5738 /* NavigationController.m in Sources */,
				F780229C1F0F802400017D5C /* BaseViewController.m in Sources */,
				F76E481B1F188BB0001C259E /* PaymentVC.m in Sources */,
				F76E48181F1860F6001C259E /* TLCollectionViewLineLayout.m in Sources */,
				F737E23E1F01F32A000B5738 /* UIViewExt.m in Sources */,
				F75EB77C1F17391C00DA36FF /* ResDetailHeaderView.m in Sources */,
				F7667D211F1C86D800F60D34 /* ZWLSlider.m in Sources */,
				F737E24E1F01F8D2000B5738 /* HomeVC.m in Sources */,
				F71C59121F19FBCD00D97047 /* CoreAnimation.swift in Sources */,
				F774B93B1F13750C00A60166 /* RecommendDietView.m in Sources */,
				F74371701F14D1AD00332D21 /* NearbyRestaurantTableViewCell.m in Sources */,
				F774B9321F13271000A60166 /* UIView+SDExtension.m in Sources */,
				F71C58851F19B61A00D97047 /* PXYview.m in Sources */,
				F737E21E1F01EC01000B5738 /* TabBarController.m in Sources */,
				F74FF5D11F160FB700C84034 /* DietArticleCell.m in Sources */,
				F75EB78D1F175A0700DA36FF /* YYClassInfo.m in Sources */,
				F71C59131F19FBCD00D97047 /* CoreGraphicsExtensions.swift in Sources */,
				F75EB7901F175A2700DA36FF /* ResDetailModel.m in Sources */,
				F74FF5D41F161FAA00C84034 /* DietRecordView.m in Sources */,
				F774B92F1F13271000A60166 /* TAPageControl.m in Sources */,
				F75EB77F1F17393600DA36FF /* ResDetailVC.m in Sources */,
				F737E2571F01FAA0000B5738 /* SleepVC.m in Sources */,
				F71C59101F19FBCD00D97047 /* AvoidingSubviewScrollViewDelegate.swift in Sources */,
				F74FF5C71F15BB2200C84034 /* RecommendDietCell.m in Sources */,
				F75EB7821F1743CB00DA36FF /* ResDetailCollectionViewCell.m in Sources */,
				F71C58881F19B69900D97047 /* PointItem.m in Sources */,
				F75EB7791F17221C00DA36FF /* RecommendDietVC.m in Sources */,
				F737E2541F01F99A000B5738 /* SportVC.m in Sources */,
				F737E25A1F01FB30000B5738 /* PersonalCenterVC.m in Sources */,
				F75EB78C1F175A0700DA36FF /* NSObject+YYModel.m in Sources */,
				F743716A1F14BD3500332D21 /* NearbyRestaurantVC.m in Sources */,
				F71C58811F19B61A00D97047 /* PXChartBackgroundView.m in Sources */,
				F71C58821F19B61A00D97047 /* PXLineChartConst.m in Sources */,
				F7933AB11F0096F20069DBF7 /* AppDelegate.m in Sources */,
				F75EB7851F174A0F00DA36FF /* ResDetailCell.m in Sources */,
				F737E2421F01F331000B5738 /* UIColor+Expend.m in Sources */,
				F774B92D1F13271000A60166 /* TAAnimatedDotView.m in Sources */,
				F774B92E1F13271000A60166 /* TADotView.m in Sources */,
				F76E48121F185D46001C259E /* CookbookDetailVC.m in Sources */,
				F774B92C1F13271000A60166 /* TAAbstractDotView.m in Sources */,
				F71C59141F19FBCD00D97047 /* DateExtensions.swift in Sources */,
				F737E2461F01F389000B5738 /* InfoCache.m in Sources */,
				F74FF5C41F15B91300C84034 /* RecommendDietTableView.m in Sources */,
				F774B91B1F13244C00A60166 /* HeaderView.m in Sources */,
				F71C59111F19FBCD00D97047 /* Clock.swift in Sources */,
				F7933AAE1F0096F20069DBF7 /* main.m in Sources */,
				F774B9311F13271000A60166 /* SDCycleScrollView.m in Sources */,
				F737E23D1F01F32A000B5738 /* UIViewController+UIViewControllerExt.m in Sources */,
				F74FF5CB1F15FC1900C84034 /* HXTagsView.m in Sources */,
				F76E48151F185E63001C259E /* TLCollectionViewCell.m in Sources */,
				F774B9301F13271000A60166 /* SDCollectionViewCell.m in Sources */,
				F71C58841F19B61A00D97047 /* PXXview.m in Sources */,
				F737E23C1F01F32A000B5738 /* UIView+UIViewController.m in Sources */,
				F737E24A1F01F6C5000B5738 /* Toast+UIView.m in Sources */,
				F737E2511F01F907000B5738 /* DietArticleVC.m in Sources */,
				F737E23B1F01F32A000B5738 /* NSStringExt.m in Sources */,
				F71C58831F19B61A00D97047 /* PXLineChartView.m in Sources */,
				F78022A21F0F8BA300017D5C /* DietRecordCell.m in Sources */,
				F737E22E1F01F31C000B5738 /* Reachability.m in Sources */,
			);
			runOnlyForDeploymentPostprocessing = 0;
		};
		F7933ABE1F0096F20069DBF7 /* Sources */ = {
			isa = PBXSourcesBuildPhase;
			buildActionMask = 2147483647;
			files = (
				F7933AC71F0096F20069DBF7 /* HealthManagementTests.m in Sources */,
			);
			runOnlyForDeploymentPostprocessing = 0;
		};
		F7933AC91F0096F20069DBF7 /* Sources */ = {
			isa = PBXSourcesBuildPhase;
			buildActionMask = 2147483647;
			files = (
				F7933AD21F0096F20069DBF7 /* HealthManagementUITests.m in Sources */,
			);
			runOnlyForDeploymentPostprocessing = 0;
		};
/* End PBXSourcesBuildPhase section */

/* Begin PBXTargetDependency section */
		F7933AC41F0096F20069DBF7 /* PBXTargetDependency */ = {
			isa = PBXTargetDependency;
			target = F7933AA81F0096F20069DBF7 /* HealthManagement */;
			targetProxy = F7933AC31F0096F20069DBF7 /* PBXContainerItemProxy */;
		};
		F7933ACF1F0096F20069DBF7 /* PBXTargetDependency */ = {
			isa = PBXTargetDependency;
			target = F7933AA81F0096F20069DBF7 /* HealthManagement */;
			targetProxy = F7933ACE1F0096F20069DBF7 /* PBXContainerItemProxy */;
		};
/* End PBXTargetDependency section */

/* Begin PBXVariantGroup section */
		F7933AB51F0096F20069DBF7 /* Main.storyboard */ = {
			isa = PBXVariantGroup;
			children = (
				F7933AB61F0096F20069DBF7 /* Base */,
			);
			name = Main.storyboard;
			sourceTree = "<group>";
		};
		F7933ABA1F0096F20069DBF7 /* LaunchScreen.storyboard */ = {
			isa = PBXVariantGroup;
			children = (
				F7933ABB1F0096F20069DBF7 /* Base */,
			);
			name = LaunchScreen.storyboard;
			sourceTree = "<group>";
		};
/* End PBXVariantGroup section */

/* Begin XCBuildConfiguration section */
		F7933AD41F0096F20069DBF7 /* Debug */ = {
			isa = XCBuildConfiguration;
			buildSettings = {
				ALWAYS_SEARCH_USER_PATHS = NO;
				CLANG_ANALYZER_NONNULL = YES;
				CLANG_ANALYZER_NUMBER_OBJECT_CONVERSION = YES_AGGRESSIVE;
				CLANG_CXX_LANGUAGE_STANDARD = "gnu++0x";
				CLANG_CXX_LIBRARY = "libc++";
				CLANG_ENABLE_MODULES = YES;
				CLANG_ENABLE_OBJC_ARC = YES;
				CLANG_WARN_BOOL_CONVERSION = YES;
				CLANG_WARN_CONSTANT_CONVERSION = YES;
				CLANG_WARN_DIRECT_OBJC_ISA_USAGE = YES_ERROR;
				CLANG_WARN_DOCUMENTATION_COMMENTS = YES;
				CLANG_WARN_EMPTY_BODY = YES;
				CLANG_WARN_ENUM_CONVERSION = YES;
				CLANG_WARN_INFINITE_RECURSION = YES;
				CLANG_WARN_INT_CONVERSION = YES;
				CLANG_WARN_OBJC_ROOT_CLASS = YES_ERROR;
				CLANG_WARN_SUSPICIOUS_MOVE = YES;
				CLANG_WARN_UNREACHABLE_CODE = YES;
				CLANG_WARN__DUPLICATE_METHOD_MATCH = YES;
				"CODE_SIGN_IDENTITY[sdk=iphoneos*]" = "iPhone Developer";
				COPY_PHASE_STRIP = NO;
				DEBUG_INFORMATION_FORMAT = dwarf;
				ENABLE_STRICT_OBJC_MSGSEND = YES;
				ENABLE_TESTABILITY = YES;
				GCC_C_LANGUAGE_STANDARD = gnu99;
				GCC_DYNAMIC_NO_PIC = NO;
				GCC_NO_COMMON_BLOCKS = YES;
				GCC_OPTIMIZATION_LEVEL = 0;
				GCC_PREPROCESSOR_DEFINITIONS = (
					"DEBUG=1",
					"$(inherited)",
				);
				GCC_WARN_64_TO_32_BIT_CONVERSION = YES;
				GCC_WARN_ABOUT_RETURN_TYPE = YES_ERROR;
				GCC_WARN_UNDECLARED_SELECTOR = YES;
				GCC_WARN_UNINITIALIZED_AUTOS = YES_AGGRESSIVE;
				GCC_WARN_UNUSED_FUNCTION = YES;
				GCC_WARN_UNUSED_VARIABLE = YES;
				IPHONEOS_DEPLOYMENT_TARGET = 10.3;
				MTL_ENABLE_DEBUG_INFO = YES;
				ONLY_ACTIVE_ARCH = YES;
				SDKROOT = iphoneos;
				TARGETED_DEVICE_FAMILY = "1,2";
			};
			name = Debug;
		};
		F7933AD51F0096F20069DBF7 /* Release */ = {
			isa = XCBuildConfiguration;
			buildSettings = {
				ALWAYS_SEARCH_USER_PATHS = NO;
				CLANG_ANALYZER_NONNULL = YES;
				CLANG_ANALYZER_NUMBER_OBJECT_CONVERSION = YES_AGGRESSIVE;
				CLANG_CXX_LANGUAGE_STANDARD = "gnu++0x";
				CLANG_CXX_LIBRARY = "libc++";
				CLANG_ENABLE_MODULES = YES;
				CLANG_ENABLE_OBJC_ARC = YES;
				CLANG_WARN_BOOL_CONVERSION = YES;
				CLANG_WARN_CONSTANT_CONVERSION = YES;
				CLANG_WARN_DIRECT_OBJC_ISA_USAGE = YES_ERROR;
				CLANG_WARN_DOCUMENTATION_COMMENTS = YES;
				CLANG_WARN_EMPTY_BODY = YES;
				CLANG_WARN_ENUM_CONVERSION = YES;
				CLANG_WARN_INFINITE_RECURSION = YES;
				CLANG_WARN_INT_CONVERSION = YES;
				CLANG_WARN_OBJC_ROOT_CLASS = YES_ERROR;
				CLANG_WARN_SUSPICIOUS_MOVE = YES;
				CLANG_WARN_UNREACHABLE_CODE = YES;
				CLANG_WARN__DUPLICATE_METHOD_MATCH = YES;
				"CODE_SIGN_IDENTITY[sdk=iphoneos*]" = "iPhone Developer";
				COPY_PHASE_STRIP = NO;
				DEBUG_INFORMATION_FORMAT = "dwarf-with-dsym";
				ENABLE_NS_ASSERTIONS = NO;
				ENABLE_STRICT_OBJC_MSGSEND = YES;
				GCC_C_LANGUAGE_STANDARD = gnu99;
				GCC_NO_COMMON_BLOCKS = YES;
				GCC_WARN_64_TO_32_BIT_CONVERSION = YES;
				GCC_WARN_ABOUT_RETURN_TYPE = YES_ERROR;
				GCC_WARN_UNDECLARED_SELECTOR = YES;
				GCC_WARN_UNINITIALIZED_AUTOS = YES_AGGRESSIVE;
				GCC_WARN_UNUSED_FUNCTION = YES;
				GCC_WARN_UNUSED_VARIABLE = YES;
				IPHONEOS_DEPLOYMENT_TARGET = 10.3;
				MTL_ENABLE_DEBUG_INFO = NO;
				SDKROOT = iphoneos;
				TARGETED_DEVICE_FAMILY = "1,2";
				VALIDATE_PRODUCT = YES;
			};
			name = Release;
		};
		F7933AD71F0096F20069DBF7 /* Debug */ = {
			isa = XCBuildConfiguration;
			baseConfigurationReference = 1C3DBC4AB9AA761BBA56BFD4 /* Pods-HealthManagement.debug.xcconfig */;
			buildSettings = {
				ASSETCATALOG_COMPILER_APPICON_NAME = AppIcon;
				CLANG_ENABLE_MODULES = YES;
				DEFINES_MODULE = YES;
				DEVELOPMENT_TEAM = D59VU3JG9L;
				ENABLE_BITCODE = NO;
				GCC_PRECOMPILE_PREFIX_HEADER = YES;
				GCC_PREFIX_HEADER = "$(SRCROOT)/HealthManagement/HealthManagement.pch";
				INFOPLIST_FILE = HealthManagement/Info.plist;
				IPHONEOS_DEPLOYMENT_TARGET = 8.0;
				LD_RUNPATH_SEARCH_PATHS = "$(inherited) @executable_path/Frameworks";
				PRODUCT_BUNDLE_IDENTIFIER = com.HongHu.Health;
				PRODUCT_NAME = "$(TARGET_NAME)";
				PROVISIONING_PROFILE = "7947b905-6660-44f3-9e2f-476fb7aa5ec0";
				PROVISIONING_PROFILE_SPECIFIER = 170617;
				SWIFT_OBJC_BRIDGING_HEADER = "HealthManagement/HealthManagement-Bridging-Header.h";
				SWIFT_OPTIMIZATION_LEVEL = "-Onone";
				SWIFT_VERSION = 3.0;
			};
			name = Debug;
		};
		F7933AD81F0096F20069DBF7 /* Release */ = {
			isa = XCBuildConfiguration;
			baseConfigurationReference = FE1EB4E447C59A76E198F67F /* Pods-HealthManagement.release.xcconfig */;
			buildSettings = {
				ASSETCATALOG_COMPILER_APPICON_NAME = AppIcon;
				CLANG_ENABLE_MODULES = YES;
				"CODE_SIGN_IDENTITY[sdk=iphoneos*]" = "iPhone Distribution";
				DEFINES_MODULE = YES;
				DEVELOPMENT_TEAM = D59VU3JG9L;
				ENABLE_BITCODE = NO;
				GCC_PRECOMPILE_PREFIX_HEADER = YES;
				GCC_PREFIX_HEADER = "$(SRCROOT)/HealthManagement/HealthManagement.pch";
				INFOPLIST_FILE = HealthManagement/Info.plist;
				IPHONEOS_DEPLOYMENT_TARGET = 8.0;
				LD_RUNPATH_SEARCH_PATHS = "$(inherited) @executable_path/Frameworks";
				PRODUCT_BUNDLE_IDENTIFIER = com.HongHu.Health;
				PRODUCT_NAME = "$(TARGET_NAME)";
				PROVISIONING_PROFILE = "e234e4bc-08fd-47f2-8e2c-733dcb32bd3d";
				PROVISIONING_PROFILE_SPECIFIER = Ad_Hoc_7_15;
				SWIFT_OBJC_BRIDGING_HEADER = "HealthManagement/HealthManagement-Bridging-Header.h";
				SWIFT_VERSION = 3.0;
			};
			name = Release;
		};
		F7933ADA1F0096F20069DBF7 /* Debug */ = {
			isa = XCBuildConfiguration;
			buildSettings = {
				ALWAYS_EMBED_SWIFT_STANDARD_LIBRARIES = YES;
				BUNDLE_LOADER = "$(TEST_HOST)";
				DEVELOPMENT_TEAM = V9Z6UNDDUZ;
				INFOPLIST_FILE = HealthManagementTests/Info.plist;
				LD_RUNPATH_SEARCH_PATHS = "$(inherited) @executable_path/Frameworks @loader_path/Frameworks";
				PRODUCT_BUNDLE_IDENTIFIER = com.HongHu.www.HealthManagementTests;
				PRODUCT_NAME = "$(TARGET_NAME)";
				TEST_HOST = "$(BUILT_PRODUCTS_DIR)/HealthManagement.app/HealthManagement";
			};
			name = Debug;
		};
		F7933ADB1F0096F20069DBF7 /* Release */ = {
			isa = XCBuildConfiguration;
			buildSettings = {
				ALWAYS_EMBED_SWIFT_STANDARD_LIBRARIES = YES;
				BUNDLE_LOADER = "$(TEST_HOST)";
				DEVELOPMENT_TEAM = V9Z6UNDDUZ;
				INFOPLIST_FILE = HealthManagementTests/Info.plist;
				LD_RUNPATH_SEARCH_PATHS = "$(inherited) @executable_path/Frameworks @loader_path/Frameworks";
				PRODUCT_BUNDLE_IDENTIFIER = com.HongHu.www.HealthManagementTests;
				PRODUCT_NAME = "$(TARGET_NAME)";
				TEST_HOST = "$(BUILT_PRODUCTS_DIR)/HealthManagement.app/HealthManagement";
			};
			name = Release;
		};
		F7933ADD1F0096F20069DBF7 /* Debug */ = {
			isa = XCBuildConfiguration;
			buildSettings = {
				ALWAYS_EMBED_SWIFT_STANDARD_LIBRARIES = YES;
				DEVELOPMENT_TEAM = V9Z6UNDDUZ;
				INFOPLIST_FILE = HealthManagementUITests/Info.plist;
				LD_RUNPATH_SEARCH_PATHS = "$(inherited) @executable_path/Frameworks @loader_path/Frameworks";
				PRODUCT_BUNDLE_IDENTIFIER = com.HongHu.www.HealthManagementUITests;
				PRODUCT_NAME = "$(TARGET_NAME)";
				TEST_TARGET_NAME = HealthManagement;
			};
			name = Debug;
		};
		F7933ADE1F0096F20069DBF7 /* Release */ = {
			isa = XCBuildConfiguration;
			buildSettings = {
				ALWAYS_EMBED_SWIFT_STANDARD_LIBRARIES = YES;
				DEVELOPMENT_TEAM = V9Z6UNDDUZ;
				INFOPLIST_FILE = HealthManagementUITests/Info.plist;
				LD_RUNPATH_SEARCH_PATHS = "$(inherited) @executable_path/Frameworks @loader_path/Frameworks";
				PRODUCT_BUNDLE_IDENTIFIER = com.HongHu.www.HealthManagementUITests;
				PRODUCT_NAME = "$(TARGET_NAME)";
				TEST_TARGET_NAME = HealthManagement;
			};
			name = Release;
		};
/* End XCBuildConfiguration section */

/* Begin XCConfigurationList section */
		F7933AA41F0096F20069DBF7 /* Build configuration list for PBXProject "HealthManagement" */ = {
			isa = XCConfigurationList;
			buildConfigurations = (
				F7933AD41F0096F20069DBF7 /* Debug */,
				F7933AD51F0096F20069DBF7 /* Release */,
			);
			defaultConfigurationIsVisible = 0;
			defaultConfigurationName = Release;
		};
		F7933AD61F0096F20069DBF7 /* Build configuration list for PBXNativeTarget "HealthManagement" */ = {
			isa = XCConfigurationList;
			buildConfigurations = (
				F7933AD71F0096F20069DBF7 /* Debug */,
				F7933AD81F0096F20069DBF7 /* Release */,
			);
			defaultConfigurationIsVisible = 0;
			defaultConfigurationName = Release;
		};
		F7933AD91F0096F20069DBF7 /* Build configuration list for PBXNativeTarget "HealthManagementTests" */ = {
			isa = XCConfigurationList;
			buildConfigurations = (
				F7933ADA1F0096F20069DBF7 /* Debug */,
				F7933ADB1F0096F20069DBF7 /* Release */,
			);
			defaultConfigurationIsVisible = 0;
			defaultConfigurationName = Release;
		};
		F7933ADC1F0096F20069DBF7 /* Build configuration list for PBXNativeTarget "HealthManagementUITests" */ = {
			isa = XCConfigurationList;
			buildConfigurations = (
				F7933ADD1F0096F20069DBF7 /* Debug */,
				F7933ADE1F0096F20069DBF7 /* Release */,
			);
			defaultConfigurationIsVisible = 0;
			defaultConfigurationName = Release;
		};
/* End XCConfigurationList section */
	};
	rootObject = F7933AA11F0096F20069DBF7 /* Project object */;
}
